// !$*UTF8*$!
{
	archiveVersion = 1;
	classes = {
	};
	objectVersion = 55;
	objects = {

/* Begin PBXBuildFile section */
		A7868F08279F773000BE31A1 /* AppDelegate.swift in Sources */ = {isa = PBXBuildFile; fileRef = A7868F07279F773000BE31A1 /* AppDelegate.swift */; };
		A7868F0A279F773000BE31A1 /* SceneDelegate.swift in Sources */ = {isa = PBXBuildFile; fileRef = A7868F09279F773000BE31A1 /* SceneDelegate.swift */; };
		A7868F0C279F773000BE31A1 /* TableVC.swift in Sources */ = {isa = PBXBuildFile; fileRef = A7868F0B279F773000BE31A1 /* TableVC.swift */; };
		A7868F11279F773000BE31A1 /* Assets.xcassets in Resources */ = {isa = PBXBuildFile; fileRef = A7868F10279F773000BE31A1 /* Assets.xcassets */; };
		A7868F14279F773000BE31A1 /* LaunchScreen.storyboard in Resources */ = {isa = PBXBuildFile; fileRef = A7868F12279F773000BE31A1 /* LaunchScreen.storyboard */; };
		A7868F1C279FC73800BE31A1 /* NavigationVC.swift in Sources */ = {isa = PBXBuildFile; fileRef = A7868F1B279FC73800BE31A1 /* NavigationVC.swift */; };
		A7868F1E279FD21200BE31A1 /* CountryCellView.swift in Sources */ = {isa = PBXBuildFile; fileRef = A7868F1D279FD21200BE31A1 /* CountryCellView.swift */; };
		A7B729A527A0FB1F00A48DC7 /* countries.json in Resources */ = {isa = PBXBuildFile; fileRef = A7B729A427A0FB1F00A48DC7 /* countries.json */; };
		A7B729A727A0FBFB00A48DC7 /* Country.swift in Sources */ = {isa = PBXBuildFile; fileRef = A7B729A627A0FBFB00A48DC7 /* Country.swift */; };
		A7B729AA27A1018B00A48DC7 /* Local.swift in Sources */ = {isa = PBXBuildFile; fileRef = A7B729A927A1018B00A48DC7 /* Local.swift */; };
		A7B729AC27A120CD00A48DC7 /* Extensions.swift in Sources */ = {isa = PBXBuildFile; fileRef = A7B729AB27A120CD00A48DC7 /* Extensions.swift */; };
		A7B729AE27A1235A00A48DC7 /* CountryCellImageView.swift in Sources */ = {isa = PBXBuildFile; fileRef = A7B729AD27A1235A00A48DC7 /* CountryCellImageView.swift */; };
		A7FB97DA27A3A13000EE34C9 /* DetailVC.swift in Sources */ = {isa = PBXBuildFile; fileRef = A7FB97D927A3A13000EE34C9 /* DetailVC.swift */; };
/* End PBXBuildFile section */

/* Begin PBXFileReference section */
		A7868F04279F773000BE31A1 /* CountriesInfo.app */ = {isa = PBXFileReference; explicitFileType = wrapper.application; includeInIndex = 0; path = CountriesInfo.app; sourceTree = BUILT_PRODUCTS_DIR; };
		A7868F07279F773000BE31A1 /* AppDelegate.swift */ = {isa = PBXFileReference; lastKnownFileType = sourcecode.swift; path = AppDelegate.swift; sourceTree = "<group>"; };
		A7868F09279F773000BE31A1 /* SceneDelegate.swift */ = {isa = PBXFileReference; lastKnownFileType = sourcecode.swift; path = SceneDelegate.swift; sourceTree = "<group>"; };
		A7868F0B279F773000BE31A1 /* TableVC.swift */ = {isa = PBXFileReference; lastKnownFileType = sourcecode.swift; path = TableVC.swift; sourceTree = "<group>"; };
		A7868F10279F773000BE31A1 /* Assets.xcassets */ = {isa = PBXFileReference; lastKnownFileType = folder.assetcatalog; path = Assets.xcassets; sourceTree = "<group>"; };
		A7868F13279F773000BE31A1 /* Base */ = {isa = PBXFileReference; lastKnownFileType = file.storyboard; name = Base; path = Base.lproj/LaunchScreen.storyboard; sourceTree = "<group>"; };
		A7868F15279F773000BE31A1 /* Info.plist */ = {isa = PBXFileReference; lastKnownFileType = text.plist.xml; path = Info.plist; sourceTree = "<group>"; };
		A7868F1B279FC73800BE31A1 /* NavigationVC.swift */ = {isa = PBXFileReference; lastKnownFileType = sourcecode.swift; path = NavigationVC.swift; sourceTree = "<group>"; };
		A7868F1D279FD21200BE31A1 /* CountryCellView.swift */ = {isa = PBXFileReference; lastKnownFileType = sourcecode.swift; path = CountryCellView.swift; sourceTree = "<group>"; };
		A7B729A427A0FB1F00A48DC7 /* countries.json */ = {isa = PBXFileReference; fileEncoding = 4; lastKnownFileType = text.json; name = countries.json; path = ../../Resources/countries.json; sourceTree = "<group>"; };
		A7B729A627A0FBFB00A48DC7 /* Country.swift */ = {isa = PBXFileReference; lastKnownFileType = sourcecode.swift; path = Country.swift; sourceTree = "<group>"; };
		A7B729A927A1018B00A48DC7 /* Local.swift */ = {isa = PBXFileReference; lastKnownFileType = sourcecode.swift; path = Local.swift; sourceTree = "<group>"; };
		A7B729AB27A120CD00A48DC7 /* Extensions.swift */ = {isa = PBXFileReference; lastKnownFileType = sourcecode.swift; path = Extensions.swift; sourceTree = "<group>"; };
		A7B729AD27A1235A00A48DC7 /* CountryCellImageView.swift */ = {isa = PBXFileReference; lastKnownFileType = sourcecode.swift; path = CountryCellImageView.swift; sourceTree = "<group>"; };
		A7FB97D927A3A13000EE34C9 /* DetailVC.swift */ = {isa = PBXFileReference; lastKnownFileType = sourcecode.swift; path = DetailVC.swift; sourceTree = "<group>"; };
/* End PBXFileReference section */

/* Begin PBXFrameworksBuildPhase section */
		A7868F01279F773000BE31A1 /* Frameworks */ = {
			isa = PBXFrameworksBuildPhase;
			buildActionMask = 2147483647;
			files = (
			);
			runOnlyForDeploymentPostprocessing = 0;
		};
/* End PBXFrameworksBuildPhase section */

/* Begin PBXGroup section */
		A7868EFB279F773000BE31A1 = {
			isa = PBXGroup;
			children = (
				A7868F06279F773000BE31A1 /* CountriesInfo */,
				A7868F05279F773000BE31A1 /* Products */,
			);
			sourceTree = "<group>";
		};
		A7868F05279F773000BE31A1 /* Products */ = {
			isa = PBXGroup;
			children = (
				A7868F04279F773000BE31A1 /* CountriesInfo.app */,
			);
			name = Products;
			sourceTree = "<group>";
		};
		A7868F06279F773000BE31A1 /* CountriesInfo */ = {
			isa = PBXGroup;
			children = (
				A7B729AF27A1238D00A48DC7 /* Controllers */,
				A7B729B227A123F600A48DC7 /* Models */,
				A7B729B127A123DA00A48DC7 /* Views */,
				A7B729B027A1239A00A48DC7 /* Delegates */,
				A7B729A827A1017700A48DC7 /* Utils */,
				A7868F10279F773000BE31A1 /* Assets.xcassets */,
				A7868F12279F773000BE31A1 /* LaunchScreen.storyboard */,
				A7868F15279F773000BE31A1 /* Info.plist */,
				A7B729A427A0FB1F00A48DC7 /* countries.json */,
			);
			path = CountriesInfo;
			sourceTree = "<group>";
		};
		A7B729A827A1017700A48DC7 /* Utils */ = {
			isa = PBXGroup;
			children = (
				A7B729A927A1018B00A48DC7 /* Local.swift */,
				A7B729AB27A120CD00A48DC7 /* Extensions.swift */,
			);
			path = Utils;
			sourceTree = "<group>";
		};
		A7B729AF27A1238D00A48DC7 /* Controllers */ = {
			isa = PBXGroup;
			children = (
				A7868F1B279FC73800BE31A1 /* NavigationVC.swift */,
				A7868F0B279F773000BE31A1 /* TableVC.swift */,
				A7FB97D927A3A13000EE34C9 /* DetailVC.swift */,
			);
			path = Controllers;
			sourceTree = "<group>";
		};
		A7B729B027A1239A00A48DC7 /* Delegates */ = {
			isa = PBXGroup;
			children = (
				A7868F07279F773000BE31A1 /* AppDelegate.swift */,
				A7868F09279F773000BE31A1 /* SceneDelegate.swift */,
			);
			path = Delegates;
			sourceTree = "<group>";
		};
		A7B729B127A123DA00A48DC7 /* Views */ = {
			isa = PBXGroup;
			children = (
				A7868F1D279FD21200BE31A1 /* CountryCellView.swift */,
				A7B729AD27A1235A00A48DC7 /* CountryCellImageView.swift */,
			);
			path = Views;
			sourceTree = "<group>";
		};
		A7B729B227A123F600A48DC7 /* Models */ = {
			isa = PBXGroup;
			children = (
				A7B729A627A0FBFB00A48DC7 /* Country.swift */,
			);
			path = Models;
			sourceTree = "<group>";
		};
/* End PBXGroup section */

/* Begin PBXNativeTarget section */
		A7868F03279F773000BE31A1 /* CountriesInfo */ = {
			isa = PBXNativeTarget;
			buildConfigurationList = A7868F18279F773000BE31A1 /* Build configuration list for PBXNativeTarget "CountriesInfo" */;
			buildPhases = (
				A7868F00279F773000BE31A1 /* Sources */,
				A7868F01279F773000BE31A1 /* Frameworks */,
				A7868F02279F773000BE31A1 /* Resources */,
			);
			buildRules = (
			);
			dependencies = (
			);
			name = CountriesInfo;
			productName = CountriesInfo;
			productReference = A7868F04279F773000BE31A1 /* CountriesInfo.app */;
			productType = "com.apple.product-type.application";
		};
/* End PBXNativeTarget section */

/* Begin PBXProject section */
		A7868EFC279F773000BE31A1 /* Project object */ = {
			isa = PBXProject;
			attributes = {
				BuildIndependentTargetsInParallel = 1;
				LastSwiftUpdateCheck = 1320;
				LastUpgradeCheck = 1320;
				TargetAttributes = {
					A7868F03279F773000BE31A1 = {
						CreatedOnToolsVersion = 13.2.1;
					};
				};
			};
			buildConfigurationList = A7868EFF279F773000BE31A1 /* Build configuration list for PBXProject "CountriesInfo" */;
			compatibilityVersion = "Xcode 13.0";
			developmentRegion = en;
			hasScannedForEncodings = 0;
			knownRegions = (
				en,
				Base,
			);
			mainGroup = A7868EFB279F773000BE31A1;
			productRefGroup = A7868F05279F773000BE31A1 /* Products */;
			projectDirPath = "";
			projectRoot = "";
			targets = (
				A7868F03279F773000BE31A1 /* CountriesInfo */,
			);
		};
/* End PBXProject section */

/* Begin PBXResourcesBuildPhase section */
		A7868F02279F773000BE31A1 /* Resources */ = {
			isa = PBXResourcesBuildPhase;
			buildActionMask = 2147483647;
			files = (
				A7B729A527A0FB1F00A48DC7 /* countries.json in Resources */,
				A7868F14279F773000BE31A1 /* LaunchScreen.storyboard in Resources */,
				A7868F11279F773000BE31A1 /* Assets.xcassets in Resources */,
			);
			runOnlyForDeploymentPostprocessing = 0;
		};
/* End PBXResourcesBuildPhase section */

/* Begin PBXSourcesBuildPhase section */
		A7868F00279F773000BE31A1 /* Sources */ = {
			isa = PBXSourcesBuildPhase;
			buildActionMask = 2147483647;
			files = (
				A7868F0C279F773000BE31A1 /* TableVC.swift in Sources */,
				A7868F08279F773000BE31A1 /* AppDelegate.swift in Sources */,
				A7B729AA27A1018B00A48DC7 /* Local.swift in Sources */,
				A7B729AE27A1235A00A48DC7 /* CountryCellImageView.swift in Sources */,
				A7B729AC27A120CD00A48DC7 /* Extensions.swift in Sources */,
				A7FB97DA27A3A13000EE34C9 /* DetailVC.swift in Sources */,
				A7868F1E279FD21200BE31A1 /* CountryCellView.swift in Sources */,
				A7868F1C279FC73800BE31A1 /* NavigationVC.swift in Sources */,
				A7B729A727A0FBFB00A48DC7 /* Country.swift in Sources */,
				A7868F0A279F773000BE31A1 /* SceneDelegate.swift in Sources */,
			);
			runOnlyForDeploymentPostprocessing = 0;
		};
/* End PBXSourcesBuildPhase section */

/* Begin PBXVariantGroup section */
		A7868F12279F773000BE31A1 /* LaunchScreen.storyboard */ = {
			isa = PBXVariantGroup;
			children = (
				A7868F13279F773000BE31A1 /* Base */,
			);
			name = LaunchScreen.storyboard;
			sourceTree = "<group>";
		};
/* End PBXVariantGroup section */

/* Begin XCBuildConfiguration section */
		A7868F16279F773000BE31A1 /* Debug */ = {
			isa = XCBuildConfiguration;
			buildSettings = {
				ALWAYS_SEARCH_USER_PATHS = NO;
				CLANG_ANALYZER_NONNULL = YES;
				CLANG_ANALYZER_NUMBER_OBJECT_CONVERSION = YES_AGGRESSIVE;
				CLANG_CXX_LANGUAGE_STANDARD = "gnu++17";
				CLANG_CXX_LIBRARY = "libc++";
				CLANG_ENABLE_MODULES = YES;
				CLANG_ENABLE_OBJC_ARC = YES;
				CLANG_ENABLE_OBJC_WEAK = YES;
				CLANG_WARN_BLOCK_CAPTURE_AUTORELEASING = YES;
				CLANG_WARN_BOOL_CONVERSION = YES;
				CLANG_WARN_COMMA = YES;
				CLANG_WARN_CONSTANT_CONVERSION = YES;
				CLANG_WARN_DEPRECATED_OBJC_IMPLEMENTATIONS = YES;
				CLANG_WARN_DIRECT_OBJC_ISA_USAGE = YES_ERROR;
				CLANG_WARN_DOCUMENTATION_COMMENTS = YES;
				CLANG_WARN_EMPTY_BODY = YES;
				CLANG_WARN_ENUM_CONVERSION = YES;
				CLANG_WARN_INFINITE_RECURSION = YES;
				CLANG_WARN_INT_CONVERSION = YES;
				CLANG_WARN_NON_LITERAL_NULL_CONVERSION = YES;
				CLANG_WARN_OBJC_IMPLICIT_RETAIN_SELF = YES;
				CLANG_WARN_OBJC_LITERAL_CONVERSION = YES;
				CLANG_WARN_OBJC_ROOT_CLASS = YES_ERROR;
				CLANG_WARN_QUOTED_INCLUDE_IN_FRAMEWORK_HEADER = YES;
				CLANG_WARN_RANGE_LOOP_ANALYSIS = YES;
				CLANG_WARN_STRICT_PROTOTYPES = YES;
				CLANG_WARN_SUSPICIOUS_MOVE = YES;
				CLANG_WARN_UNGUARDED_AVAILABILITY = YES_AGGRESSIVE;
				CLANG_WARN_UNREACHABLE_CODE = YES;
				CLANG_WARN__DUPLICATE_METHOD_MATCH = YES;
				COPY_PHASE_STRIP = NO;
				DEBUG_INFORMATION_FORMAT = dwarf;
				ENABLE_STRICT_OBJC_MSGSEND = YES;
				ENABLE_TESTABILITY = YES;
				GCC_C_LANGUAGE_STANDARD = gnu11;
				GCC_DYNAMIC_NO_PIC = NO;
				GCC_NO_COMMON_BLOCKS = YES;
				GCC_OPTIMIZATION_LEVEL = 0;
				GCC_PREPROCESSOR_DEFINITIONS = (
					"DEBUG=1",
					"$(inherited)",
				);
				GCC_WARN_64_TO_32_BIT_CONVERSION = YES;
				GCC_WARN_ABOUT_RETURN_TYPE = YES_ERROR;
				GCC_WARN_UNDECLARED_SELECTOR = YES;
				GCC_WARN_UNINITIALIZED_AUTOS = YES_AGGRESSIVE;
				GCC_WARN_UNUSED_FUNCTION = YES;
				GCC_WARN_UNUSED_VARIABLE = YES;
				IPHONEOS_DEPLOYMENT_TARGET = 15.2;
				MTL_ENABLE_DEBUG_INFO = INCLUDE_SOURCE;
				MTL_FAST_MATH = YES;
				ONLY_ACTIVE_ARCH = YES;
				SDKROOT = iphoneos;
				SWIFT_ACTIVE_COMPILATION_CONDITIONS = DEBUG;
				SWIFT_OPTIMIZATION_LEVEL = "-Onone";
			};
			name = Debug;
		};
		A7868F17279F773000BE31A1 /* Release */ = {
			isa = XCBuildConfiguration;
			buildSettings = {
				ALWAYS_SEARCH_USER_PATHS = NO;
				CLANG_ANALYZER_NONNULL = YES;
				CLANG_ANALYZER_NUMBER_OBJECT_CONVERSION = YES_AGGRESSIVE;
				CLANG_CXX_LANGUAGE_STANDARD = "gnu++17";
				CLANG_CXX_LIBRARY = "libc++";
				CLANG_ENABLE_MODULES = YES;
				CLANG_ENABLE_OBJC_ARC = YES;
				CLANG_ENABLE_OBJC_WEAK = YES;
				CLANG_WARN_BLOCK_CAPTURE_AUTORELEASING = YES;
				CLANG_WARN_BOOL_CONVERSION = YES;
				CLANG_WARN_COMMA = YES;
				CLANG_WARN_CONSTANT_CONVERSION = YES;
				CLANG_WARN_DEPRECATED_OBJC_IMPLEMENTATIONS = YES;
				CLANG_WARN_DIRECT_OBJC_ISA_USAGE = YES_ERROR;
				CLANG_WARN_DOCUMENTATION_COMMENTS = YES;
				CLANG_WARN_EMPTY_BODY = YES;
				CLANG_WARN_ENUM_CONVERSION = YES;
				CLANG_WARN_INFINITE_RECURSION = YES;
				CLANG_WARN_INT_CONVERSION = YES;
				CLANG_WARN_NON_LITERAL_NULL_CONVERSION = YES;
				CLANG_WARN_OBJC_IMPLICIT_RETAIN_SELF = YES;
				CLANG_WARN_OBJC_LITERAL_CONVERSION = YES;
				CLANG_WARN_OBJC_ROOT_CLASS = YES_ERROR;
				CLANG_WARN_QUOTED_INCLUDE_IN_FRAMEWORK_HEADER = YES;
				CLANG_WARN_RANGE_LOOP_ANALYSIS = YES;
				CLANG_WARN_STRICT_PROTOTYPES = YES;
				CLANG_WARN_SUSPICIOUS_MOVE = YES;
				CLANG_WARN_UNGUARDED_AVAILABILITY = YES_AGGRESSIVE;
				CLANG_WARN_UNREACHABLE_CODE = YES;
				CLANG_WARN__DUPLICATE_METHOD_MATCH = YES;
				COPY_PHASE_STRIP = NO;
				DEBUG_INFORMATION_FORMAT = "dwarf-with-dsym";
				ENABLE_NS_ASSERTIONS = NO;
				ENABLE_STRICT_OBJC_MSGSEND = YES;
				GCC_C_LANGUAGE_STANDARD = gnu11;
				GCC_NO_COMMON_BLOCKS = YES;
				GCC_WARN_64_TO_32_BIT_CONVERSION = YES;
				GCC_WARN_ABOUT_RETURN_TYPE = YES_ERROR;
				GCC_WARN_UNDECLARED_SELECTOR = YES;
				GCC_WARN_UNINITIALIZED_AUTOS = YES_AGGRESSIVE;
				GCC_WARN_UNUSED_FUNCTION = YES;
				GCC_WARN_UNUSED_VARIABLE = YES;
				IPHONEOS_DEPLOYMENT_TARGET = 15.2;
				MTL_ENABLE_DEBUG_INFO = NO;
				MTL_FAST_MATH = YES;
				SDKROOT = iphoneos;
				SWIFT_COMPILATION_MODE = wholemodule;
				SWIFT_OPTIMIZATION_LEVEL = "-O";
				VALIDATE_PRODUCT = YES;
			};
			name = Release;
		};
		A7868F19279F773000BE31A1 /* Debug */ = {
			isa = XCBuildConfiguration;
			buildSettings = {
				ASSETCATALOG_COMPILER_APPICON_NAME = AppIcon;
				ASSETCATALOG_COMPILER_GLOBAL_ACCENT_COLOR_NAME = AccentColor;
				CODE_SIGN_STYLE = Automatic;
				CURRENT_PROJECT_VERSION = 1;
				DEVELOPMENT_TEAM = M5AB5V73J2;
				GENERATE_INFOPLIST_FILE = YES;
				INFOPLIST_FILE = CountriesInfo/Info.plist;
				INFOPLIST_KEY_UIApplicationSupportsIndirectInputEvents = YES;
				INFOPLIST_KEY_UILaunchStoryboardName = LaunchScreen;
				INFOPLIST_KEY_UISupportedInterfaceOrientations = UIInterfaceOrientationPortrait;
				INFOPLIST_KEY_UISupportedInterfaceOrientations_iPad = "UIInterfaceOrientationPortrait UIInterfaceOrientationPortraitUpsideDown UIInterfaceOrientationLandscapeLeft UIInterfaceOrientationLandscapeRight";
				INFOPLIST_KEY_UISupportedInterfaceOrientations_iPhone = "UIInterfaceOrientationPortrait UIInterfaceOrientationLandscapeLeft UIInterfaceOrientationLandscapeRight";
				IPHONEOS_DEPLOYMENT_TARGET = 14.0;
				LD_RUNPATH_SEARCH_PATHS = (
					"$(inherited)",
					"@executable_path/Frameworks",
				);
				MARKETING_VERSION = 1.0;
				PRODUCT_BUNDLE_IDENTIFIER = net.estremadoyro.CountriesInfo;
				PRODUCT_NAME = "$(TARGET_NAME)";
				SWIFT_EMIT_LOC_STRINGS = YES;
				SWIFT_VERSION = 5.0;
				TARGETED_DEVICE_FAMILY = 1;
			};
			name = Debug;
		};
		A7868F1A279F773000BE31A1 /* Release */ = {
			isa = XCBuildConfiguration;
			buildSettings = {
				ASSETCATALOG_COMPILER_APPICON_NAME = AppIcon;
				ASSETCATALOG_COMPILER_GLOBAL_ACCENT_COLOR_NAME = AccentColor;
				CODE_SIGN_STYLE = Automatic;
				CURRENT_PROJECT_VERSION = 1;
				DEVELOPMENT_TEAM = M5AB5V73J2;
				GENERATE_INFOPLIST_FILE = YES;
				INFOPLIST_FILE = CountriesInfo/Info.plist;
				INFOPLIST_KEY_UIApplicationSupportsIndirectInputEvents = YES;
				INFOPLIST_KEY_UILaunchStoryboardName = LaunchScreen;
				INFOPLIST_KEY_UISupportedInterfaceOrientations = UIInterfaceOrientationPortrait;
				INFOPLIST_KEY_UISupportedInterfaceOrientations_iPad = "UIInterfaceOrientationPortrait UIInterfaceOrientationPortraitUpsideDown UIInterfaceOrientationLandscapeLeft UIInterfaceOrientationLandscapeRight";
				INFOPLIST_KEY_UISupportedInterfaceOrientations_iPhone = "UIInterfaceOrientationPortrait UIInterfaceOrientationLandscapeLeft UIInterfaceOrientationLandscapeRight";
				IPHONEOS_DEPLOYMENT_TARGET = 14.0;
				LD_RUNPATH_SEARCH_PATHS = (
					"$(inherited)",
					"@executable_path/Frameworks",
				);
				MARKETING_VERSION = 1.0;
				PRODUCT_BUNDLE_IDENTIFIER = net.estremadoyro.CountriesInfo;
				PRODUCT_NAME = "$(TARGET_NAME)";
				SWIFT_EMIT_LOC_STRINGS = YES;
				SWIFT_VERSION = 5.0;
				TARGETED_DEVICE_FAMILY = 1;
			};
			name = Release;
		};
/* End XCBuildConfiguration section */

/* Begin XCConfigurationList section */
		A7868EFF279F773000BE31A1 /* Build configuration list for PBXProject "CountriesInfo" */ = {
			isa = XCConfigurationList;
			buildConfigurations = (
				A7868F16279F773000BE31A1 /* Debug */,
				A7868F17279F773000BE31A1 /* Release */,
			);
			defaultConfigurationIsVisible = 0;
			defaultConfigurationName = Release;
		};
		A7868F18279F773000BE31A1 /* Build configuration list for PBXNativeTarget "CountriesInfo" */ = {
			isa = XCConfigurationList;
			buildConfigurations = (
				A7868F19279F773000BE31A1 /* Debug */,
				A7868F1A279F773000BE31A1 /* Release */,
			);
			defaultConfigurationIsVisible = 0;
			defaultConfigurationName = Release;
		};
/* End XCConfigurationList section */
	};
	rootObject = A7868EFC279F773000BE31A1 /* Project object */;
}
