// !$*UTF8*$!
{
	archiveVersion = 1;
	classes = {
	};
	objectVersion = 55;
	objects = {

/* Begin PBXBuildFile section */
		A73E0DB627D9C4AB00BDD724 /* AppDelegate.swift in Sources */ = {isa = PBXBuildFile; fileRef = A73E0DB527D9C4AB00BDD724 /* AppDelegate.swift */; };
		A73E0DB827D9C4AB00BDD724 /* GameScene.sks in Resources */ = {isa = PBXBuildFile; fileRef = A73E0DB727D9C4AB00BDD724 /* GameScene.sks */; };
		A73E0DBC27D9C4AB00BDD724 /* GameScene.swift in Sources */ = {isa = PBXBuildFile; fileRef = A73E0DBB27D9C4AB00BDD724 /* GameScene.swift */; };
		A73E0DBE27D9C4AB00BDD724 /* GameViewController.swift in Sources */ = {isa = PBXBuildFile; fileRef = A73E0DBD27D9C4AB00BDD724 /* GameViewController.swift */; };
		A73E0DC127D9C4AB00BDD724 /* Main.storyboard in Resources */ = {isa = PBXBuildFile; fileRef = A73E0DBF27D9C4AB00BDD724 /* Main.storyboard */; };
		A73E0DC327D9C4AC00BDD724 /* Assets.xcassets in Resources */ = {isa = PBXBuildFile; fileRef = A73E0DC227D9C4AC00BDD724 /* Assets.xcassets */; };
		A73E0DC627D9C4AC00BDD724 /* LaunchScreen.storyboard in Resources */ = {isa = PBXBuildFile; fileRef = A73E0DC427D9C4AC00BDD724 /* LaunchScreen.storyboard */; };
		A73E0DD727D9C68600BDD724 /* sliceHitEnemy.sks in Resources */ = {isa = PBXBuildFile; fileRef = A73E0DCC27D9C68600BDD724 /* sliceHitEnemy.sks */; };
		A73E0DD827D9C68600BDD724 /* whack.caf in Resources */ = {isa = PBXBuildFile; fileRef = A73E0DCD27D9C68600BDD724 /* whack.caf */; };
		A73E0DD927D9C68600BDD724 /* explosion.caf in Resources */ = {isa = PBXBuildFile; fileRef = A73E0DCE27D9C68600BDD724 /* explosion.caf */; };
		A73E0DDA27D9C68600BDD724 /* swoosh3.caf in Resources */ = {isa = PBXBuildFile; fileRef = A73E0DCF27D9C68600BDD724 /* swoosh3.caf */; };
		A73E0DDB27D9C68600BDD724 /* sliceBombFuse.caf in Resources */ = {isa = PBXBuildFile; fileRef = A73E0DD027D9C68600BDD724 /* sliceBombFuse.caf */; };
		A73E0DDC27D9C68600BDD724 /* wrong.caf in Resources */ = {isa = PBXBuildFile; fileRef = A73E0DD127D9C68600BDD724 /* wrong.caf */; };
		A73E0DDD27D9C68600BDD724 /* sliceHitBomb.sks in Resources */ = {isa = PBXBuildFile; fileRef = A73E0DD227D9C68600BDD724 /* sliceHitBomb.sks */; };
		A73E0DDE27D9C68600BDD724 /* sliceFuse.sks in Resources */ = {isa = PBXBuildFile; fileRef = A73E0DD327D9C68600BDD724 /* sliceFuse.sks */; };
		A73E0DDF27D9C68600BDD724 /* swoosh1.caf in Resources */ = {isa = PBXBuildFile; fileRef = A73E0DD427D9C68600BDD724 /* swoosh1.caf */; };
		A73E0DE027D9C68600BDD724 /* swoosh2.caf in Resources */ = {isa = PBXBuildFile; fileRef = A73E0DD527D9C68600BDD724 /* swoosh2.caf */; };
		A73E0DE127D9C68600BDD724 /* launch.caf in Resources */ = {isa = PBXBuildFile; fileRef = A73E0DD627D9C68600BDD724 /* launch.caf */; };
/* End PBXBuildFile section */

/* Begin PBXFileReference section */
		A73E0DB227D9C4AB00BDD724 /* SwiftyNinja.app */ = {isa = PBXFileReference; explicitFileType = wrapper.application; includeInIndex = 0; path = SwiftyNinja.app; sourceTree = BUILT_PRODUCTS_DIR; };
		A73E0DB527D9C4AB00BDD724 /* AppDelegate.swift */ = {isa = PBXFileReference; lastKnownFileType = sourcecode.swift; path = AppDelegate.swift; sourceTree = "<group>"; };
		A73E0DB727D9C4AB00BDD724 /* GameScene.sks */ = {isa = PBXFileReference; lastKnownFileType = file.sks; path = GameScene.sks; sourceTree = "<group>"; };
		A73E0DBB27D9C4AB00BDD724 /* GameScene.swift */ = {isa = PBXFileReference; lastKnownFileType = sourcecode.swift; path = GameScene.swift; sourceTree = "<group>"; };
		A73E0DBD27D9C4AB00BDD724 /* GameViewController.swift */ = {isa = PBXFileReference; lastKnownFileType = sourcecode.swift; path = GameViewController.swift; sourceTree = "<group>"; };
		A73E0DC027D9C4AB00BDD724 /* Base */ = {isa = PBXFileReference; lastKnownFileType = file.storyboard; name = Base; path = Base.lproj/Main.storyboard; sourceTree = "<group>"; };
		A73E0DC227D9C4AC00BDD724 /* Assets.xcassets */ = {isa = PBXFileReference; lastKnownFileType = folder.assetcatalog; path = Assets.xcassets; sourceTree = "<group>"; };
		A73E0DC527D9C4AC00BDD724 /* Base */ = {isa = PBXFileReference; lastKnownFileType = file.storyboard; name = Base; path = Base.lproj/LaunchScreen.storyboard; sourceTree = "<group>"; };
		A73E0DCC27D9C68600BDD724 /* sliceHitEnemy.sks */ = {isa = PBXFileReference; lastKnownFileType = file.sks; name = sliceHitEnemy.sks; path = "../../Resources/project23-files (SwiftyNinja)/sliceHitEnemy.sks"; sourceTree = "<group>"; };
		A73E0DCD27D9C68600BDD724 /* whack.caf */ = {isa = PBXFileReference; lastKnownFileType = file; name = whack.caf; path = "../../Resources/project23-files (SwiftyNinja)/whack.caf"; sourceTree = "<group>"; };
		A73E0DCE27D9C68600BDD724 /* explosion.caf */ = {isa = PBXFileReference; lastKnownFileType = file; name = explosion.caf; path = "../../Resources/project23-files (SwiftyNinja)/explosion.caf"; sourceTree = "<group>"; };
		A73E0DCF27D9C68600BDD724 /* swoosh3.caf */ = {isa = PBXFileReference; lastKnownFileType = file; name = swoosh3.caf; path = "../../Resources/project23-files (SwiftyNinja)/swoosh3.caf"; sourceTree = "<group>"; };
		A73E0DD027D9C68600BDD724 /* sliceBombFuse.caf */ = {isa = PBXFileReference; lastKnownFileType = file; name = sliceBombFuse.caf; path = "../../Resources/project23-files (SwiftyNinja)/sliceBombFuse.caf"; sourceTree = "<group>"; };
		A73E0DD127D9C68600BDD724 /* wrong.caf */ = {isa = PBXFileReference; lastKnownFileType = file; name = wrong.caf; path = "../../Resources/project23-files (SwiftyNinja)/wrong.caf"; sourceTree = "<group>"; };
		A73E0DD227D9C68600BDD724 /* sliceHitBomb.sks */ = {isa = PBXFileReference; lastKnownFileType = file.sks; name = sliceHitBomb.sks; path = "../../Resources/project23-files (SwiftyNinja)/sliceHitBomb.sks"; sourceTree = "<group>"; };
		A73E0DD327D9C68600BDD724 /* sliceFuse.sks */ = {isa = PBXFileReference; lastKnownFileType = file.sks; name = sliceFuse.sks; path = "../../Resources/project23-files (SwiftyNinja)/sliceFuse.sks"; sourceTree = "<group>"; };
		A73E0DD427D9C68600BDD724 /* swoosh1.caf */ = {isa = PBXFileReference; lastKnownFileType = file; name = swoosh1.caf; path = "../../Resources/project23-files (SwiftyNinja)/swoosh1.caf"; sourceTree = "<group>"; };
		A73E0DD527D9C68600BDD724 /* swoosh2.caf */ = {isa = PBXFileReference; lastKnownFileType = file; name = swoosh2.caf; path = "../../Resources/project23-files (SwiftyNinja)/swoosh2.caf"; sourceTree = "<group>"; };
		A73E0DD627D9C68600BDD724 /* launch.caf */ = {isa = PBXFileReference; lastKnownFileType = file; name = launch.caf; path = "../../Resources/project23-files (SwiftyNinja)/launch.caf"; sourceTree = "<group>"; };
/* End PBXFileReference section */

/* Begin PBXFrameworksBuildPhase section */
		A73E0DAF27D9C4AB00BDD724 /* Frameworks */ = {
			isa = PBXFrameworksBuildPhase;
			buildActionMask = 2147483647;
			files = (
			);
			runOnlyForDeploymentPostprocessing = 0;
		};
/* End PBXFrameworksBuildPhase section */

/* Begin PBXGroup section */
		A73E0DA927D9C4AB00BDD724 = {
			isa = PBXGroup;
			children = (
				A73E0DB427D9C4AB00BDD724 /* SwiftyNinja */,
				A73E0DB327D9C4AB00BDD724 /* Products */,
			);
			sourceTree = "<group>";
		};
		A73E0DB327D9C4AB00BDD724 /* Products */ = {
			isa = PBXGroup;
			children = (
				A73E0DB227D9C4AB00BDD724 /* SwiftyNinja.app */,
			);
			name = Products;
			sourceTree = "<group>";
		};
		A73E0DB427D9C4AB00BDD724 /* SwiftyNinja */ = {
			isa = PBXGroup;
			children = (
				A73E0DB527D9C4AB00BDD724 /* AppDelegate.swift */,
				A73E0DB727D9C4AB00BDD724 /* GameScene.sks */,
				A73E0DBB27D9C4AB00BDD724 /* GameScene.swift */,
				A73E0DBD27D9C4AB00BDD724 /* GameViewController.swift */,
				A73E0DBF27D9C4AB00BDD724 /* Main.storyboard */,
				A73E0DC227D9C4AC00BDD724 /* Assets.xcassets */,
				A73E0DC427D9C4AC00BDD724 /* LaunchScreen.storyboard */,
				A73E0DCE27D9C68600BDD724 /* explosion.caf */,
				A73E0DD627D9C68600BDD724 /* launch.caf */,
				A73E0DD027D9C68600BDD724 /* sliceBombFuse.caf */,
				A73E0DD327D9C68600BDD724 /* sliceFuse.sks */,
				A73E0DD227D9C68600BDD724 /* sliceHitBomb.sks */,
				A73E0DCC27D9C68600BDD724 /* sliceHitEnemy.sks */,
				A73E0DD427D9C68600BDD724 /* swoosh1.caf */,
				A73E0DD527D9C68600BDD724 /* swoosh2.caf */,
				A73E0DCF27D9C68600BDD724 /* swoosh3.caf */,
				A73E0DCD27D9C68600BDD724 /* whack.caf */,
				A73E0DD127D9C68600BDD724 /* wrong.caf */,
			);
			path = SwiftyNinja;
			sourceTree = "<group>";
		};
/* End PBXGroup section */

/* Begin PBXNativeTarget section */
		A73E0DB127D9C4AB00BDD724 /* SwiftyNinja */ = {
			isa = PBXNativeTarget;
			buildConfigurationList = A73E0DC927D9C4AC00BDD724 /* Build configuration list for PBXNativeTarget "SwiftyNinja" */;
			buildPhases = (
				A73E0DAE27D9C4AB00BDD724 /* Sources */,
				A73E0DAF27D9C4AB00BDD724 /* Frameworks */,
				A73E0DB027D9C4AB00BDD724 /* Resources */,
			);
			buildRules = (
			);
			dependencies = (
			);
			name = SwiftyNinja;
			productName = SwiftyNinja;
			productReference = A73E0DB227D9C4AB00BDD724 /* SwiftyNinja.app */;
			productType = "com.apple.product-type.application";
		};
/* End PBXNativeTarget section */

/* Begin PBXProject section */
		A73E0DAA27D9C4AB00BDD724 /* Project object */ = {
			isa = PBXProject;
			attributes = {
				BuildIndependentTargetsInParallel = 1;
				LastSwiftUpdateCheck = 1320;
				LastUpgradeCheck = 1320;
				TargetAttributes = {
					A73E0DB127D9C4AB00BDD724 = {
						CreatedOnToolsVersion = 13.2.1;
					};
				};
			};
			buildConfigurationList = A73E0DAD27D9C4AB00BDD724 /* Build configuration list for PBXProject "SwiftyNinja" */;
			compatibilityVersion = "Xcode 13.0";
			developmentRegion = en;
			hasScannedForEncodings = 0;
			knownRegions = (
				en,
				Base,
			);
			mainGroup = A73E0DA927D9C4AB00BDD724;
			productRefGroup = A73E0DB327D9C4AB00BDD724 /* Products */;
			projectDirPath = "";
			projectRoot = "";
			targets = (
				A73E0DB127D9C4AB00BDD724 /* SwiftyNinja */,
			);
		};
/* End PBXProject section */

/* Begin PBXResourcesBuildPhase section */
		A73E0DB027D9C4AB00BDD724 /* Resources */ = {
			isa = PBXResourcesBuildPhase;
			buildActionMask = 2147483647;
			files = (
				A73E0DC127D9C4AB00BDD724 /* Main.storyboard in Resources */,
				A73E0DE127D9C68600BDD724 /* launch.caf in Resources */,
				A73E0DDF27D9C68600BDD724 /* swoosh1.caf in Resources */,
				A73E0DDA27D9C68600BDD724 /* swoosh3.caf in Resources */,
				A73E0DD927D9C68600BDD724 /* explosion.caf in Resources */,
				A73E0DDB27D9C68600BDD724 /* sliceBombFuse.caf in Resources */,
				A73E0DDD27D9C68600BDD724 /* sliceHitBomb.sks in Resources */,
				A73E0DB827D9C4AB00BDD724 /* GameScene.sks in Resources */,
				A73E0DD727D9C68600BDD724 /* sliceHitEnemy.sks in Resources */,
				A73E0DC327D9C4AC00BDD724 /* Assets.xcassets in Resources */,
				A73E0DC627D9C4AC00BDD724 /* LaunchScreen.storyboard in Resources */,
				A73E0DE027D9C68600BDD724 /* swoosh2.caf in Resources */,
				A73E0DDC27D9C68600BDD724 /* wrong.caf in Resources */,
				A73E0DD827D9C68600BDD724 /* whack.caf in Resources */,
				A73E0DDE27D9C68600BDD724 /* sliceFuse.sks in Resources */,
			);
			runOnlyForDeploymentPostprocessing = 0;
		};
/* End PBXResourcesBuildPhase section */

/* Begin PBXSourcesBuildPhase section */
		A73E0DAE27D9C4AB00BDD724 /* Sources */ = {
			isa = PBXSourcesBuildPhase;
			buildActionMask = 2147483647;
			files = (
				A73E0DBC27D9C4AB00BDD724 /* GameScene.swift in Sources */,
				A73E0DBE27D9C4AB00BDD724 /* GameViewController.swift in Sources */,
				A73E0DB627D9C4AB00BDD724 /* AppDelegate.swift in Sources */,
			);
			runOnlyForDeploymentPostprocessing = 0;
		};
/* End PBXSourcesBuildPhase section */

/* Begin PBXVariantGroup section */
		A73E0DBF27D9C4AB00BDD724 /* Main.storyboard */ = {
			isa = PBXVariantGroup;
			children = (
				A73E0DC027D9C4AB00BDD724 /* Base */,
			);
			name = Main.storyboard;
			sourceTree = "<group>";
		};
		A73E0DC427D9C4AC00BDD724 /* LaunchScreen.storyboard */ = {
			isa = PBXVariantGroup;
			children = (
				A73E0DC527D9C4AC00BDD724 /* Base */,
			);
			name = LaunchScreen.storyboard;
			sourceTree = "<group>";
		};
/* End PBXVariantGroup section */

/* Begin XCBuildConfiguration section */
		A73E0DC727D9C4AC00BDD724 /* Debug */ = {
			isa = XCBuildConfiguration;
			buildSettings = {
				ALWAYS_SEARCH_USER_PATHS = NO;
				CLANG_ANALYZER_NONNULL = YES;
				CLANG_ANALYZER_NUMBER_OBJECT_CONVERSION = YES_AGGRESSIVE;
				CLANG_CXX_LANGUAGE_STANDARD = "gnu++17";
				CLANG_CXX_LIBRARY = "libc++";
				CLANG_ENABLE_MODULES = YES;
				CLANG_ENABLE_OBJC_ARC = YES;
				CLANG_ENABLE_OBJC_WEAK = YES;
				CLANG_WARN_BLOCK_CAPTURE_AUTORELEASING = YES;
				CLANG_WARN_BOOL_CONVERSION = YES;
				CLANG_WARN_COMMA = YES;
				CLANG_WARN_CONSTANT_CONVERSION = YES;
				CLANG_WARN_DEPRECATED_OBJC_IMPLEMENTATIONS = YES;
				CLANG_WARN_DIRECT_OBJC_ISA_USAGE = YES_ERROR;
				CLANG_WARN_DOCUMENTATION_COMMENTS = YES;
				CLANG_WARN_EMPTY_BODY = YES;
				CLANG_WARN_ENUM_CONVERSION = YES;
				CLANG_WARN_INFINITE_RECURSION = YES;
				CLANG_WARN_INT_CONVERSION = YES;
				CLANG_WARN_NON_LITERAL_NULL_CONVERSION = YES;
				CLANG_WARN_OBJC_IMPLICIT_RETAIN_SELF = YES;
				CLANG_WARN_OBJC_LITERAL_CONVERSION = YES;
				CLANG_WARN_OBJC_ROOT_CLASS = YES_ERROR;
				CLANG_WARN_QUOTED_INCLUDE_IN_FRAMEWORK_HEADER = YES;
				CLANG_WARN_RANGE_LOOP_ANALYSIS = YES;
				CLANG_WARN_STRICT_PROTOTYPES = YES;
				CLANG_WARN_SUSPICIOUS_MOVE = YES;
				CLANG_WARN_UNGUARDED_AVAILABILITY = YES_AGGRESSIVE;
				CLANG_WARN_UNREACHABLE_CODE = YES;
				CLANG_WARN__DUPLICATE_METHOD_MATCH = YES;
				COPY_PHASE_STRIP = NO;
				DEBUG_INFORMATION_FORMAT = dwarf;
				ENABLE_STRICT_OBJC_MSGSEND = YES;
				ENABLE_TESTABILITY = YES;
				GCC_C_LANGUAGE_STANDARD = gnu11;
				GCC_DYNAMIC_NO_PIC = NO;
				GCC_NO_COMMON_BLOCKS = YES;
				GCC_OPTIMIZATION_LEVEL = 0;
				GCC_PREPROCESSOR_DEFINITIONS = (
					"DEBUG=1",
					"$(inherited)",
				);
				GCC_WARN_64_TO_32_BIT_CONVERSION = YES;
				GCC_WARN_ABOUT_RETURN_TYPE = YES_ERROR;
				GCC_WARN_UNDECLARED_SELECTOR = YES;
				GCC_WARN_UNINITIALIZED_AUTOS = YES_AGGRESSIVE;
				GCC_WARN_UNUSED_FUNCTION = YES;
				GCC_WARN_UNUSED_VARIABLE = YES;
				IPHONEOS_DEPLOYMENT_TARGET = 15.2;
				MTL_ENABLE_DEBUG_INFO = INCLUDE_SOURCE;
				MTL_FAST_MATH = YES;
				ONLY_ACTIVE_ARCH = YES;
				SDKROOT = iphoneos;
				SWIFT_ACTIVE_COMPILATION_CONDITIONS = DEBUG;
				SWIFT_OPTIMIZATION_LEVEL = "-Onone";
			};
			name = Debug;
		};
		A73E0DC827D9C4AC00BDD724 /* Release */ = {
			isa = XCBuildConfiguration;
			buildSettings = {
				ALWAYS_SEARCH_USER_PATHS = NO;
				CLANG_ANALYZER_NONNULL = YES;
				CLANG_ANALYZER_NUMBER_OBJECT_CONVERSION = YES_AGGRESSIVE;
				CLANG_CXX_LANGUAGE_STANDARD = "gnu++17";
				CLANG_CXX_LIBRARY = "libc++";
				CLANG_ENABLE_MODULES = YES;
				CLANG_ENABLE_OBJC_ARC = YES;
				CLANG_ENABLE_OBJC_WEAK = YES;
				CLANG_WARN_BLOCK_CAPTURE_AUTORELEASING = YES;
				CLANG_WARN_BOOL_CONVERSION = YES;
				CLANG_WARN_COMMA = YES;
				CLANG_WARN_CONSTANT_CONVERSION = YES;
				CLANG_WARN_DEPRECATED_OBJC_IMPLEMENTATIONS = YES;
				CLANG_WARN_DIRECT_OBJC_ISA_USAGE = YES_ERROR;
				CLANG_WARN_DOCUMENTATION_COMMENTS = YES;
				CLANG_WARN_EMPTY_BODY = YES;
				CLANG_WARN_ENUM_CONVERSION = YES;
				CLANG_WARN_INFINITE_RECURSION = YES;
				CLANG_WARN_INT_CONVERSION = YES;
				CLANG_WARN_NON_LITERAL_NULL_CONVERSION = YES;
				CLANG_WARN_OBJC_IMPLICIT_RETAIN_SELF = YES;
				CLANG_WARN_OBJC_LITERAL_CONVERSION = YES;
				CLANG_WARN_OBJC_ROOT_CLASS = YES_ERROR;
				CLANG_WARN_QUOTED_INCLUDE_IN_FRAMEWORK_HEADER = YES;
				CLANG_WARN_RANGE_LOOP_ANALYSIS = YES;
				CLANG_WARN_STRICT_PROTOTYPES = YES;
				CLANG_WARN_SUSPICIOUS_MOVE = YES;
				CLANG_WARN_UNGUARDED_AVAILABILITY = YES_AGGRESSIVE;
				CLANG_WARN_UNREACHABLE_CODE = YES;
				CLANG_WARN__DUPLICATE_METHOD_MATCH = YES;
				COPY_PHASE_STRIP = NO;
				DEBUG_INFORMATION_FORMAT = "dwarf-with-dsym";
				ENABLE_NS_ASSERTIONS = NO;
				ENABLE_STRICT_OBJC_MSGSEND = YES;
				GCC_C_LANGUAGE_STANDARD = gnu11;
				GCC_NO_COMMON_BLOCKS = YES;
				GCC_WARN_64_TO_32_BIT_CONVERSION = YES;
				GCC_WARN_ABOUT_RETURN_TYPE = YES_ERROR;
				GCC_WARN_UNDECLARED_SELECTOR = YES;
				GCC_WARN_UNINITIALIZED_AUTOS = YES_AGGRESSIVE;
				GCC_WARN_UNUSED_FUNCTION = YES;
				GCC_WARN_UNUSED_VARIABLE = YES;
				IPHONEOS_DEPLOYMENT_TARGET = 15.2;
				MTL_ENABLE_DEBUG_INFO = NO;
				MTL_FAST_MATH = YES;
				SDKROOT = iphoneos;
				SWIFT_COMPILATION_MODE = wholemodule;
				SWIFT_OPTIMIZATION_LEVEL = "-O";
				VALIDATE_PRODUCT = YES;
			};
			name = Release;
		};
		A73E0DCA27D9C4AC00BDD724 /* Debug */ = {
			isa = XCBuildConfiguration;
			buildSettings = {
				ASSETCATALOG_COMPILER_APPICON_NAME = AppIcon;
				ASSETCATALOG_COMPILER_GLOBAL_ACCENT_COLOR_NAME = AccentColor;
				CODE_SIGN_STYLE = Automatic;
				CURRENT_PROJECT_VERSION = 1;
				DEVELOPMENT_TEAM = M5AB5V73J2;
				GENERATE_INFOPLIST_FILE = YES;
				INFOPLIST_KEY_UIApplicationSupportsIndirectInputEvents = YES;
				INFOPLIST_KEY_UILaunchStoryboardName = LaunchScreen;
				INFOPLIST_KEY_UIMainStoryboardFile = Main;
				INFOPLIST_KEY_UIStatusBarHidden = YES;
				INFOPLIST_KEY_UISupportedInterfaceOrientations_iPad = "UIInterfaceOrientationLandscapeLeft UIInterfaceOrientationLandscapeRight";
				INFOPLIST_KEY_UISupportedInterfaceOrientations_iPhone = "UIInterfaceOrientationPortrait UIInterfaceOrientationLandscapeLeft UIInterfaceOrientationLandscapeRight";
				IPHONEOS_DEPLOYMENT_TARGET = 14.0;
				LD_RUNPATH_SEARCH_PATHS = (
					"$(inherited)",
					"@executable_path/Frameworks",
				);
				MARKETING_VERSION = 1.0;
				PRODUCT_BUNDLE_IDENTIFIER = net.estremadoyro.SwiftyNinja;
				PRODUCT_NAME = "$(TARGET_NAME)";
				SWIFT_EMIT_LOC_STRINGS = YES;
				SWIFT_VERSION = 5.0;
				TARGETED_DEVICE_FAMILY = 2;
			};
			name = Debug;
		};
		A73E0DCB27D9C4AC00BDD724 /* Release */ = {
			isa = XCBuildConfiguration;
			buildSettings = {
				ASSETCATALOG_COMPILER_APPICON_NAME = AppIcon;
				ASSETCATALOG_COMPILER_GLOBAL_ACCENT_COLOR_NAME = AccentColor;
				CODE_SIGN_STYLE = Automatic;
				CURRENT_PROJECT_VERSION = 1;
				DEVELOPMENT_TEAM = M5AB5V73J2;
				GENERATE_INFOPLIST_FILE = YES;
				INFOPLIST_KEY_UIApplicationSupportsIndirectInputEvents = YES;
				INFOPLIST_KEY_UILaunchStoryboardName = LaunchScreen;
				INFOPLIST_KEY_UIMainStoryboardFile = Main;
				INFOPLIST_KEY_UIStatusBarHidden = YES;
				INFOPLIST_KEY_UISupportedInterfaceOrientations_iPad = "UIInterfaceOrientationLandscapeLeft UIInterfaceOrientationLandscapeRight";
				INFOPLIST_KEY_UISupportedInterfaceOrientations_iPhone = "UIInterfaceOrientationPortrait UIInterfaceOrientationLandscapeLeft UIInterfaceOrientationLandscapeRight";
				IPHONEOS_DEPLOYMENT_TARGET = 14.0;
				LD_RUNPATH_SEARCH_PATHS = (
					"$(inherited)",
					"@executable_path/Frameworks",
				);
				MARKETING_VERSION = 1.0;
				PRODUCT_BUNDLE_IDENTIFIER = net.estremadoyro.SwiftyNinja;
				PRODUCT_NAME = "$(TARGET_NAME)";
				SWIFT_EMIT_LOC_STRINGS = YES;
				SWIFT_VERSION = 5.0;
				TARGETED_DEVICE_FAMILY = 2;
			};
			name = Release;
		};
/* End XCBuildConfiguration section */

/* Begin XCConfigurationList section */
		A73E0DAD27D9C4AB00BDD724 /* Build configuration list for PBXProject "SwiftyNinja" */ = {
			isa = XCConfigurationList;
			buildConfigurations = (
				A73E0DC727D9C4AC00BDD724 /* Debug */,
				A73E0DC827D9C4AC00BDD724 /* Release */,
			);
			defaultConfigurationIsVisible = 0;
			defaultConfigurationName = Release;
		};
		A73E0DC927D9C4AC00BDD724 /* Build configuration list for PBXNativeTarget "SwiftyNinja" */ = {
			isa = XCConfigurationList;
			buildConfigurations = (
				A73E0DCA27D9C4AC00BDD724 /* Debug */,
				A73E0DCB27D9C4AC00BDD724 /* Release */,
			);
			defaultConfigurationIsVisible = 0;
			defaultConfigurationName = Release;
		};
/* End XCConfigurationList section */
	};
	rootObject = A73E0DAA27D9C4AB00BDD724 /* Project object */;
}
